{
  "name": "Milo123459",
  "version": "1.0.0",
  "lockfileVersion": 1,
  "requires": true,
  "dependencies": {
    "git-go": {
      "version": "1.0.3",
      "resolved": "https://registry.npmjs.org/git-go/-/git-go-1.0.3.tgz",
      "integrity": "sha1-UmX3ZDi/y5S0D5A/5J3834bp/wc=",
      "dev": true
    }
  }
}
